github.com/kbolino/go-nk v0.6.0 h1:BMfBUzb4oRSOPqFSgQ5sk3JnqCYnJGuUy2RdWcv5Hhw=
github.com/kbolino/go-nk v0.6.0/go.mod h1:r9NjD/nfHGDZTAEj6JDG6HAfbVy0o/zwJCVtRp3aWkk=
github.com/veandco/go-sdl2 v0.4.15 h1:pQ0jImwwG2nOc+QMUw8SGImvfFCdvyd+bvw7ca7jubo=
github.com/veandco/go-sdl2 v0.4.15/go.mod h1:OROqMhHD43nT4/i9crJukyVecjPNYYuCofep6SNiAjY=
